{
  "name": "TouchDevelop",
  "lockfileVersion": 3,
  "requires": true,
  "packages": {
    "": {
      "dependencies": {
        "source-map": "0.2.0",
        "tsd": "0.5.7"
      },
      "devDependencies": {
        "jake": "^8.0.15",
        "typescript": "1.4.1"
      }
    },
    "node_modules/amdefine": {
      "version": "1.0.1",
      "resolved": "https://registry.npmjs.org/amdefine/-/amdefine-1.0.1.tgz",
      "integrity": "sha1-SlKCrBZHKek2Gbz9OtFR+BfOkfU=",
      "engines": {
        "node": ">=0.4.2"
      }
    },
    "node_modules/ansi-styles": {
      "version": "1.0.0",
      "resolved": "https://registry.npmjs.org/ansi-styles/-/ansi-styles-1.0.0.tgz",
      "integrity": "sha1-yxAt8cVvUSPquLZ817mAJ6AnkXg=",
      "engines": {
        "node": ">=0.8.0"
      }
    },
    "node_modules/argparse": {
      "version": "0.1.16",
      "resolved": "https://registry.npmjs.org/argparse/-/argparse-0.1.16.tgz",
      "integrity": "sha1-z9AeD7uj1srtBJ+9dY1A9lGW9Xw=",
      "dependencies": {
        "underscore": "~1.7.0",
        "underscore.string": "~2.4.0"
      }
    },
    "node_modules/asn1": {
      "version": "0.1.11",
      "resolved": "https://registry.npmjs.org/asn1/-/asn1-0.1.11.tgz",
      "integrity": "sha1-VZvhg3bQik7E2+gId9J4GGObLfc=",
      "engines": {
        "node": ">=0.4.9"
      }
    },
    "node_modules/assert-plus": {
      "version": "0.1.5",
      "resolved": "https://registry.npmjs.org/assert-plus/-/assert-plus-0.1.5.tgz",
      "integrity": "sha1-7nQAlBMALYTOxyGcasgRgS5yMWA=",
      "engines": {
        "node": ">=0.8"
      }
    },
    "node_modules/assertion-error": {
      "version": "1.0.0",
      "resolved": "https://registry.npmjs.org/assertion-error/-/assertion-error-1.0.0.tgz",
      "integrity": "sha1-x/hUOP3UZrx8oWq5DIFRN5el0js=",
      "engines": {
        "node": "*"
      }
    },
    "node_modules/async": {
      "version": "0.9.2",
      "resolved": "https://registry.npmjs.org/async/-/async-0.9.2.tgz",
      "integrity": "sha1-rqdNXmHB+JlhO/ZL2mbUx48v0X0="
    },
    "node_modules/aws-sign": {
      "version": "0.3.0",
      "resolved": "https://registry.npmjs.org/aws-sign/-/aws-sign-0.3.0.tgz",
      "integrity": "sha1-PYHKabR0seFlGHKLUcJP8Lvtxuk=",
      "engines": {
        "node": "*"
      }
    },
    "node_modules/aws-sign2": {
      "version": "0.5.0",
      "resolved": "https://registry.npmjs.org/aws-sign2/-/aws-sign2-0.5.0.tgz",
      "integrity": "sha1-xXED96F/wDfwLXwuZLYC6iI/fWM=",
      "optional": true,
      "engines": {
        "node": "*"
      }
    },
    "node_modules/balanced-match": {
      "version": "1.0.2",
      "resolved": "https://registry.npmjs.org/balanced-match/-/balanced-match-1.0.2.tgz",
      "integrity": "sha512-3oSeUO0TMV67hN1AmbXsK4yaqU7tjiHlbxRDZOpH0KW9+CeX4bRAaX0Anxt0tx2MrpRpWwQaPwIlISEJhYU5Pw==",
      "dev": true
    },
    "node_modules/boom": {
      "version": "0.4.2",
      "resolved": "https://registry.npmjs.org/boom/-/boom-0.4.2.tgz",
      "integrity": "sha1-emNune1O/O+xnO9JR6PGffrukRs=",
      "deprecated": "This version has been deprecated in accordance with the hapi support policy (hapi.im/support). Please upgrade to the latest version to get the best features, bug fixes, and security patches. If you are unable to upgrade at this time, paid support is available for older versions (hapi.im/commercial).",
      "dependencies": {
        "hoek": "0.9.x"
      },
      "engines": {
        "node": ">=0.8.0"
      }
    },
    "node_modules/brace-expansion": {
      "version": "1.1.11",
      "resolved": "https://registry.npmjs.org/brace-expansion/-/brace-expansion-1.1.11.tgz",
      "integrity": "sha512-iCuPHDFgrHX7H2vEI/5xpz07zSHB00TpugqhmYtVmMO6518mCuRMoOYFldEBl0g187ufozdaHgWKcYFb61qGiA==",
      "dev": true,
      "dependencies": {
        "balanced-match": "^1.0.0",
        "concat-map": "0.0.1"
      }
    },
    "node_modules/bufferjs": {
      "version": "3.0.1",
      "resolved": "https://registry.npmjs.org/bufferjs/-/bufferjs-3.0.1.tgz",
      "integrity": "sha1-BpLoKcsQoQVQ5kc5CwNesGw46O8=",
      "engines": {
        "node": ">=0.2.0"
      }
    },
    "node_modules/bufferstream": {
      "version": "0.6.2",
      "resolved": "https://registry.npmjs.org/bufferstream/-/bufferstream-0.6.2.tgz",
      "integrity": "sha1-pfJ+ENPHYAhNFLNRJmFQBzGeNzE=",
      "dependencies": {
        "bufferjs": ">= 2.0.0"
      },
      "engines": {
        "node": ">= 0.4.x"
      },
      "optionalDependencies": {
        "buffertools": ">= 1.0.3"
      }
    },
    "node_modules/buffertools": {
      "version": "2.1.6",
      "resolved": "https://registry.npmjs.org/buffertools/-/buffertools-2.1.6.tgz",
      "integrity": "sha1-MMGbCFY2uI32kq7v7qD/FWeA6RY=",
      "hasInstallScript": true,
      "optional": true,
      "engines": {
        "node": ">=0.3.0"
      }
    },
    "node_modules/chalk": {
      "version": "0.4.0",
      "resolved": "https://registry.npmjs.org/chalk/-/chalk-0.4.0.tgz",
      "integrity": "sha1-UZmj3c0MHv4jvAjBsCewYXbgxk8=",
      "dependencies": {
        "ansi-styles": "~1.0.0",
        "has-color": "~0.1.0",
        "strip-ansi": "~0.1.0"
      },
      "engines": {
        "node": ">=0.8.0"
      }
    },
    "node_modules/collections": {
      "version": "0.1.24",
      "resolved": "https://registry.npmjs.org/collections/-/collections-0.1.24.tgz",
      "integrity": "sha1-cPgQw1eE8/Pt+qnPJi5kpQ2ckIs=",
      "dependencies": {
        "weak-map": "1.0.0"
      }
    },
    "node_modules/collections/node_modules/weak-map": {
      "version": "1.0.0",
      "resolved": "https://registry.npmjs.org/weak-map/-/weak-map-1.0.0.tgz",
      "integrity": "sha1-tm5Wqd8L0lp2u/G1FNsSkIBhSjc="
    },
    "node_modules/combined-stream": {
      "version": "0.0.7",
      "resolved": "https://registry.npmjs.org/combined-stream/-/combined-stream-0.0.7.tgz",
      "integrity": "sha1-ATfmV7qlp1QcV6w3rF/AfXO03B8=",
      "dependencies": {
        "delayed-stream": "0.0.5"
      },
      "engines": {
        "node": ">= 0.8"
      }
    },
    "node_modules/concat-map": {
      "version": "0.0.1",
      "resolved": "https://registry.npmjs.org/concat-map/-/concat-map-0.0.1.tgz",
      "integrity": "sha512-/Srv4dswyQNBfohGpz9o6Yb3Gz3SrUDqBH5rTuhGR7ahtlbYKnVxw2bCFMRljaA7EXHaXZ8wsHdodFvbkhKmqg==",
      "dev": true
    },
    "node_modules/configstore": {
      "version": "0.1.7",
      "resolved": "https://registry.npmjs.org/configstore/-/configstore-0.1.7.tgz",
      "integrity": "sha1-V9xwG8KlHrgE1uFzPIq7nYKlzt4=",
      "dependencies": {
        "graceful-fs": "~2.0.1",
        "js-yaml": "~2.1.0",
        "lodash": "~2.4.1",
        "mkdirp": "~0.3.5",
        "osenv": "0.0.3"
      },
      "engines": {
        "node": ">=0.8.0"
      }
    },
    "node_modules/configstore/node_modules/js-yaml": {
      "version": "2.1.3",
      "resolved": "https://registry.npmjs.org/js-yaml/-/js-yaml-2.1.3.tgz",
      "integrity": "sha1-D/tWF75VUlh4Bj16Fq7n/dKC6Ew=",
      "dependencies": {
        "argparse": "~ 0.1.11",
        "esprima": "~ 1.0.2"
      },
      "bin": {
        "js-yaml": "bin/js-yaml.js"
      },
      "engines": {
        "node": ">= 0.6.0"
      }
    },
    "node_modules/cookie-jar": {
      "version": "0.3.0",
      "resolved": "https://registry.npmjs.org/cookie-jar/-/cookie-jar-0.3.0.tgz",
      "integrity": "sha1-vJon1OK5fhhs1XyeIGPLmfpozMw=",
      "engines": {
        "node": "*"
      }
    },
    "node_modules/cryptiles": {
      "version": "0.2.2",
      "resolved": "https://registry.npmjs.org/cryptiles/-/cryptiles-0.2.2.tgz",
      "integrity": "sha1-7ZH/HxetE9N0gohZT4pIoNJvMlw=",
      "deprecated": "This version has been deprecated in accordance with the hapi support policy (hapi.im/support). Please upgrade to the latest version to get the best features, bug fixes, and security patches. If you are unable to upgrade at this time, paid support is available for older versions (hapi.im/commercial).",
      "dependencies": {
        "boom": "0.4.x"
      },
      "engines": {
        "node": ">=0.8.0"
      }
    },
    "node_modules/ctype": {
      "version": "0.5.3",
      "resolved": "https://registry.npmjs.org/ctype/-/ctype-0.5.3.tgz",
      "integrity": "sha1-gsGMJGH3QRTvFsE1IkrQuRRMoS8=",
      "engines": {
        "node": ">= 0.4"
      }
    },
    "node_modules/delayed-stream": {
      "version": "0.0.5",
      "resolved": "https://registry.npmjs.org/delayed-stream/-/delayed-stream-0.0.5.tgz",
      "integrity": "sha1-1LH0OpPoKW3+AmlPRoC8N6MTxz8=",
      "engines": {
        "node": ">=0.4.0"
      }
    },
    "node_modules/detect-indent": {
      "version": "0.1.4",
      "resolved": "https://registry.npmjs.org/detect-indent/-/detect-indent-0.1.4.tgz",
      "integrity": "sha1-wo4TA8HErVzgVJkCuIQEOvxZBrA=",
      "engines": {
        "node": ">=0.8.0"
      }
    },
    "node_modules/duplexer": {
      "version": "0.1.1",
      "resolved": "https://registry.npmjs.org/duplexer/-/duplexer-0.1.1.tgz",
      "integrity": "sha1-rOb/gIwc5mtX0ev5eXessCM0z8E="
    },
    "node_modules/es6-shim": {
      "version": "0.9.1",
      "resolved": "https://registry.npmjs.org/es6-shim/-/es6-shim-0.9.1.tgz",
      "integrity": "sha1-l2z8+TMYiftXcLhAQ2wF+2ghzHk="
    },
    "node_modules/esprima": {
      "version": "1.0.4",
      "resolved": "https://registry.npmjs.org/esprima/-/esprima-1.0.4.tgz",
      "integrity": "sha1-n1V+CPw7TSbs6d00+Pv0drYlha0=",
      "bin": {
        "esparse": "bin/esparse.js",
        "esvalidate": "bin/esvalidate.js"
      },
      "engines": {
        "node": ">=0.4.0"
      }
    },
    "node_modules/event-stream": {
      "version": "3.1.7",
      "resolved": "https://registry.npmjs.org/event-stream/-/event-stream-3.1.7.tgz",
      "integrity": "sha1-tMVAAS0P4UmEIPPYlGAI22OTw3o=",
      "dependencies": {
        "duplexer": "~0.1.1",
        "from": "~0",
        "map-stream": "~0.1.0",
        "pause-stream": "0.0.11",
        "split": "0.2",
        "stream-combiner": "~0.0.4",
        "through": "~2.3.1"
      }
    },
    "node_modules/exit": {
      "version": "0.1.2",
      "resolved": "https://registry.npmjs.org/exit/-/exit-0.1.2.tgz",
      "integrity": "sha1-BjJjj42HfMghB9MKD/8aF8uhzQw=",
      "engines": {
        "node": ">= 0.8.0"
      }
    },
    "node_modules/filelist": {
      "version": "0.0.6",
      "resolved": "https://registry.npmjs.org/filelist/-/filelist-0.0.6.tgz",
      "integrity": "sha512-Qlx33S2JuF/XPiiVc0Jtgu6fDT5p0o9Y7KgW8oQBa6jsq1zXoXyVm4qxrxXrwV78QaILvMMIMhHXa5uRj/XMyw==",
      "dev": true,
      "dependencies": {
        "minimatch": "^3.0.3",
        "utilities": "^0.0.37"
      }
    },
    "node_modules/filelist/node_modules/utilities": {
      "version": "0.0.37",
      "resolved": "https://registry.npmjs.org/utilities/-/utilities-0.0.37.tgz",
      "integrity": "sha512-WaAhw9uRgoWNKgqfFeWRwpwlVedA3/xnhuxKp8VVqR7hF0Q6toHi6HHd5etsCvEq7wY4RbGMwuo8xVTya0DHHA==",
      "deprecated": "This package is no longer maintained and vulnerability exists.",
      "dev": true,
      "engines": {
        "node": "*"
      }
    },
    "node_modules/foreach": {
      "version": "2.0.5",
      "resolved": "https://registry.npmjs.org/foreach/-/foreach-2.0.5.tgz",
      "integrity": "sha1-C+4AUBiusmDQo6865ljdATbsG5k="
    },
    "node_modules/forever-agent": {
      "version": "0.5.2",
      "resolved": "https://registry.npmjs.org/forever-agent/-/forever-agent-0.5.2.tgz",
      "integrity": "sha1-bQ4JxJIflKJ/Y9O0nF/v8epMUTA=",
      "engines": {
        "node": "*"
      }
    },
    "node_modules/form-data": {
      "version": "0.1.4",
      "resolved": "https://registry.npmjs.org/form-data/-/form-data-0.1.4.tgz",
      "integrity": "sha1-kavXiKupcCsaq/qLwBAxoqyeOxI=",
      "dependencies": {
        "async": "~0.9.0",
        "combined-stream": "~0.0.4",
        "mime": "~1.2.11"
      },
      "engines": {
        "node": ">= 0.8"
      }
    },
    "node_modules/from": {
      "version": "0.1.7",
      "resolved": "https://registry.npmjs.org/from/-/from-0.1.7.tgz",
      "integrity": "sha1-g8YK/Fi5xWmXAH7Rp2izqzA6RP4="
    },
    "node_modules/graceful-fs": {
      "version": "2.0.3",
      "resolved": "https://registry.npmjs.org/graceful-fs/-/graceful-fs-2.0.3.tgz",
      "integrity": "sha1-fNLNsiiko/Nule+mzBQt59GhNtA=",
      "deprecated": "please upgrade to graceful-fs 4 for compatibility with current and future versions of Node.js",
      "engines": {
        "node": ">=0.4.0"
      }
    },
    "node_modules/has-color": {
      "version": "0.1.7",
      "resolved": "https://registry.npmjs.org/has-color/-/has-color-0.1.7.tgz",
      "integrity": "sha1-ZxRKUmDDT8PMpnfQQdr1L+e3iy8=",
      "engines": {
        "node": ">=0.10.0"
      }
    },
    "node_modules/hawk": {
      "version": "1.0.0",
      "resolved": "https://registry.npmjs.org/hawk/-/hawk-1.0.0.tgz",
      "integrity": "sha1-uQuxaYByhUEdp//LjdJZhQLTtS0=",
      "deprecated": "This module moved to @hapi/hawk. Please make sure to switch over as this distribution is no longer supported and may contain bugs and critical security issues.",
      "dependencies": {
        "boom": "0.4.x",
        "cryptiles": "0.2.x",
        "hoek": "0.9.x",
        "sntp": "0.2.x"
      },
      "engines": {
        "node": ">=0.8.0"
      }
    },
    "node_modules/hoek": {
      "version": "0.9.1",
      "resolved": "https://registry.npmjs.org/hoek/-/hoek-0.9.1.tgz",
      "integrity": "sha1-PTIkYrrfB3Fup+uFuviAec3c5QU=",
      "deprecated": "This version has been deprecated in accordance with the hapi support policy (hapi.im/support). Please upgrade to the latest version to get the best features, bug fixes, and security patches. If you are unable to upgrade at this time, paid support is available for older versions (hapi.im/commercial).",
      "engines": {
        "node": ">=0.8.0"
      }
    },
    "node_modules/http-signature": {
      "version": "0.10.1",
      "resolved": "https://registry.npmjs.org/http-signature/-/http-signature-0.10.1.tgz",
      "integrity": "sha1-T72sEyVZqoMjEh5UB3nAoBKyfmY=",
      "dependencies": {
        "asn1": "0.1.11",
        "assert-plus": "^0.1.5",
        "ctype": "0.5.3"
      },
      "engines": {
        "node": ">=0.8"
      }
    },
    "node_modules/jake": {
      "version": "8.0.15",
      "resolved": "https://registry.npmjs.org/jake/-/jake-8.0.15.tgz",
      "integrity": "sha512-VJoISVwDAd7wIqX63KsMauhkuV24mwwUtsim6Yd9lFUUTXEhij1H4POFaMuHFTxhdrb5LjhMEL2coNA9PRlxuQ==",
      "dev": true,
      "dependencies": {
        "async": "0.9.x",
        "chalk": "0.4.x",
        "filelist": "0.0.x",
        "minimatch": "3.x",
        "utilities": "1.0.x"
      },
      "bin": {
        "jake": "bin/cli.js"
      },
      "engines": {
        "node": "*"
      }
    },
    "node_modules/js-yaml": {
      "version": "3.0.2",
      "resolved": "https://registry.npmjs.org/js-yaml/-/js-yaml-3.0.2.tgz",
      "integrity": "sha1-mTeGX46Jel6JTnPCxc8uibMut3E=",
      "dependencies": {
        "argparse": "~ 0.1.11",
        "esprima": "~ 1.0.2"
      },
      "bin": {
        "js-yaml": "bin/js-yaml.js"
      }
    },
    "node_modules/jsesc": {
      "version": "0.4.3",
      "resolved": "https://registry.npmjs.org/jsesc/-/jsesc-0.4.3.tgz",
      "integrity": "sha1-qcf5Cv1aG/LuZN9sQW2rYWctKuk=",
      "bin": {
        "jsesc": "bin/jsesc"
      }
    },
    "node_modules/json-pointer": {
      "version": "0.1.0",
      "resolved": "https://registry.npmjs.org/json-pointer/-/json-pointer-0.1.0.tgz",
      "integrity": "sha1-2Dyg43T9PMVUPpIFRcU+JIskduc=",
      "dependencies": {
        "foreach": "*"
      }
    },
    "node_modules/json-stringify-safe": {
      "version": "5.0.1",
      "resolved": "https://registry.npmjs.org/json-stringify-safe/-/json-stringify-safe-5.0.1.tgz",
      "integrity": "sha1-Epai1Y/UXxmg9s4B1lcB4sc1tus="
    },
    "node_modules/jsonpointer.js": {
      "version": "0.3.0",
      "resolved": "https://registry.npmjs.org/jsonpointer.js/-/jsonpointer.js-0.3.0.tgz",
      "integrity": "sha1-aN6YYPNf9oRNWbIDlDl6CKSn6f4="
    },
    "node_modules/lodash": {
      "version": "2.4.2",
      "resolved": "https://registry.npmjs.org/lodash/-/lodash-2.4.2.tgz",
      "integrity": "sha1-+t2DS5aDBz2hebPq5tnA0VBT9z4=",
      "engines": [
        "node",
        "rhino"
      ]
    },
    "node_modules/map-stream": {
      "version": "0.1.0",
      "resolved": "https://registry.npmjs.org/map-stream/-/map-stream-0.1.0.tgz",
      "integrity": "sha1-5WqpTEyAVaFkBKBnS3jyFffI4ZQ="
    },
    "node_modules/mime": {
      "version": "1.2.11",
      "resolved": "https://registry.npmjs.org/mime/-/mime-1.2.11.tgz",
      "integrity": "sha1-WCA+7Ybjpe8XrtK32evUfwpg3RA="
    },
    "node_modules/mimeparse": {
      "version": "0.1.4",
      "resolved": "https://registry.npmjs.org/mimeparse/-/mimeparse-0.1.4.tgz",
      "integrity": "sha1-2vsCdSNw/SJgk64xUsJxrwGsJUo=",
      "engines": {
        "node": "*"
      }
    },
    "node_modules/minichain": {
      "version": "0.0.1",
      "resolved": "https://registry.npmjs.org/minichain/-/minichain-0.0.1.tgz",
      "integrity": "sha1-C65Jd0Fw2JMUAcJxu27W05kqn1I=",
      "dependencies": {
        "ministyle": "~0.1.2",
        "miniwrite": "~0.1.2"
      },
      "engines": {
        "node": ">= 0.10.0"
      }
    },
    "node_modules/minimatch": {
      "version": "3.1.2",
      "resolved": "https://registry.npmjs.org/minimatch/-/minimatch-3.1.2.tgz",
      "integrity": "sha512-J7p63hRiAjw1NDEww1W7i37+ByIrOWO5XQQAzZ3VOcL0PNybwpfmV/N05zFAzwQ9USyEcX6t3UO+K5aqBQOIHw==",
      "dev": true,
      "dependencies": {
        "brace-expansion": "^1.1.7"
      },
      "engines": {
        "node": "*"
      }
    },
    "node_modules/minimist": {
      "version": "0.0.7",
      "resolved": "https://registry.npmjs.org/minimist/-/minimist-0.0.7.tgz",
      "integrity": "sha1-3ExiAlPFQu2g0uuRw8apcaEeY+c="
    },
    "node_modules/ministyle": {
      "version": "0.1.4",
      "resolved": "https://registry.npmjs.org/ministyle/-/ministyle-0.1.4.tgz",
      "integrity": "sha1-sQSB6xaqj3ts2YOBc5OkTaDloM0=",
      "engines": {
        "node": ">= 0.10.0"
      }
    },
    "node_modules/minitable": {
      "version": "0.0.4",
      "resolved": "https://registry.npmjs.org/minitable/-/minitable-0.0.4.tgz",
      "integrity": "sha1-jWHLePrm83HYBRznfop4Mc49U5Y=",
      "dependencies": {
        "minichain": "~0.0.1",
        "ministyle": "~0.1.2",
        "miniwrite": "~0.1.2"
      },
      "engines": {
        "node": ">= 0.10.0"
      },
      "peerDependencies": {
        "ministyle": "~0.1.2"
      }
    },
    "node_modules/miniwrite": {
      "version": "0.1.4",
      "resolved": "https://registry.npmjs.org/miniwrite/-/miniwrite-0.1.4.tgz",
      "integrity": "sha1-cvAjhcCsN9VC7+J9xnZLMZCHJc4=",
      "dependencies": {
        "mkdirp": "~0.3.5"
      },
      "engines": {
        "node": ">= 0.10.0"
      }
    },
    "node_modules/mkdirp": {
      "version": "0.3.5",
      "resolved": "https://registry.npmjs.org/mkdirp/-/mkdirp-0.3.5.tgz",
      "integrity": "sha1-3j5fiWHIjHh+4TaN+EmsRBPsqNc=",
      "deprecated": "Legacy versions of mkdirp are no longer supported. Please update to mkdirp 1.x. (Note that the API surface has changed to use Promises in 1.x.)"
    },
    "node_modules/node-uuid": {
      "version": "1.4.8",
      "resolved": "https://registry.npmjs.org/node-uuid/-/node-uuid-1.4.8.tgz",
      "integrity": "sha1-sEDrCSOWivq/jTL7HxfxFn/auQc=",
      "deprecated": "Use uuid module instead",
      "bin": {
        "uuid": "bin/uuid"
      }
    },
    "node_modules/oauth-sign": {
      "version": "0.3.0",
      "resolved": "https://registry.npmjs.org/oauth-sign/-/oauth-sign-0.3.0.tgz",
      "integrity": "sha1-y1QPk7srIqfVlBaRoojWDo6pOG4=",
      "engines": {
        "node": "*"
      }
    },
    "node_modules/open": {
      "version": "0.0.5",
      "resolved": "https://registry.npmjs.org/open/-/open-0.0.5.tgz",
      "integrity": "sha1-QsPhjslUZra/DcQvOilFw/DK2Pw=",
      "engines": {
        "node": ">= 0.6.0"
      }
    },
    "node_modules/osenv": {
      "version": "0.0.3",
      "resolved": "https://registry.npmjs.org/osenv/-/osenv-0.0.3.tgz",
      "integrity": "sha1-zWrY3bKQkVrZ4idlV2Al1BHynLY="
    },
    "node_modules/pause-stream": {
      "version": "0.0.11",
      "resolved": "https://registry.npmjs.org/pause-stream/-/pause-stream-0.0.11.tgz",
      "integrity": "sha1-/lo0sMvOErWqaitAPuLnO2AvFEU=",
      "dependencies": {
        "through": "~2.3"
      }
    },
    "node_modules/punycode": {
      "version": "1.4.1",
      "resolved": "https://registry.npmjs.org/punycode/-/punycode-1.4.1.tgz",
      "integrity": "sha1-wNWmOycYgArY4esPpSachN1BhF4=",
      "optional": true
    },
    "node_modules/q": {
      "version": "0.9.7",
      "resolved": "https://registry.npmjs.org/q/-/q-0.9.7.tgz",
      "integrity": "sha1-TeLmyzspCIyeTLwDv51C+5bOL3U=",
      "engines": {
        "node": ">=0.6.0",
        "teleport": ">=0.2.0"
      }
    },
    "node_modules/q-io": {
      "version": "1.9.4",
      "resolved": "https://registry.npmjs.org/q-io/-/q-io-1.9.4.tgz",
      "integrity": "sha1-rkV96cobbKOK3vOP7vogLuqfyHY=",
      "dependencies": {
        "collections": "~0.1.24",
        "mime": "~1.2.11",
        "mimeparse": "~0.1.4",
        "q": "~0.9.6",
        "qs": "~0.1.0",
        "url2": "~0.0.0"
      },
      "engines": {
        "node": ">=0.6.0"
      }
    },
    "node_modules/qs": {
      "version": "0.1.0",
      "resolved": "https://registry.npmjs.org/qs/-/qs-0.1.0.tgz",
      "integrity": "sha1-mg0tcNAfY9NAHqSwUIImAbRi7ms=",
      "engines": {
        "node": "*"
      }
    },
    "node_modules/request": {
      "version": "2.33.0",
      "resolved": "https://registry.npmjs.org/request/-/request-2.33.0.tgz",
      "integrity": "sha1-UWeHgTFyYHDsYzdS6iMKI3ncZf8=",
      "deprecated": "request has been deprecated, see https://github.com/request/request/issues/3142",
      "engines": [
        "node >= 0.8.0"
      ],
      "dependencies": {
        "forever-agent": "~0.5.0",
        "json-stringify-safe": "~5.0.0",
        "mime": "~1.2.9",
        "node-uuid": "~1.4.0",
        "qs": "~0.6.0"
      },
      "optionalDependencies": {
        "aws-sign2": "~0.5.0",
        "form-data": "~0.1.0",
        "hawk": "~1.0.0",
        "http-signature": "~0.10.0",
        "oauth-sign": "~0.3.0",
        "tough-cookie": ">=0.12.0",
        "tunnel-agent": "~0.3.0"
      }
    },
    "node_modules/request/node_modules/qs": {
      "version": "0.6.6",
      "resolved": "https://registry.npmjs.org/qs/-/qs-0.6.6.tgz",
      "integrity": "sha1-bgFQmP9RlouKPIGQAdXyyJvEsQc=",
      "engines": {
        "node": "*"
      }
    },
    "node_modules/semver": {
      "version": "2.2.1",
      "resolved": "https://registry.npmjs.org/semver/-/semver-2.2.1.tgz",
      "integrity": "sha1-eUEYKz/8xYC/8cF5QqzfeVHA0hM=",
      "bin": {
        "semver": "bin/semver"
      }
    },
    "node_modules/sntp": {
      "version": "0.2.4",
      "resolved": "https://registry.npmjs.org/sntp/-/sntp-0.2.4.tgz",
      "integrity": "sha1-+4hfGLDzqtGJ+CSGJTa87ux1CQA=",
      "deprecated": "This module moved to @hapi/sntp. Please make sure to switch over as this distribution is no longer supported and may contain bugs and critical security issues.",
      "dependencies": {
        "hoek": "0.9.x"
      },
      "engines": {
        "node": ">=0.8.0"
      }
    },
    "node_modules/source-map": {
      "version": "0.2.0",
      "resolved": "https://registry.npmjs.org/source-map/-/source-map-0.2.0.tgz",
      "integrity": "sha1-2rc/vPwrqBm03gO9b26qSBZLP50=",
      "dependencies": {
        "amdefine": ">=0.0.4"
      },
      "engines": {
        "node": ">=0.8.0"
      }
    },
    "node_modules/split": {
      "version": "0.2.10",
      "resolved": "https://registry.npmjs.org/split/-/split-0.2.10.tgz",
      "integrity": "sha1-Zwl8YB1pfOE2j0GPBs0gHPBSGlc=",
      "dependencies": {
        "through": "2"
      },
      "engines": {
        "node": "*"
      }
    },
    "node_modules/stream-combiner": {
      "version": "0.0.4",
      "resolved": "https://registry.npmjs.org/stream-combiner/-/stream-combiner-0.0.4.tgz",
      "integrity": "sha1-TV5DPBhSYd3mI8o/RMWGvPXErRQ=",
      "dependencies": {
        "duplexer": "~0.1.1"
      }
    },
    "node_modules/strip-ansi": {
      "version": "0.1.1",
      "resolved": "https://registry.npmjs.org/strip-ansi/-/strip-ansi-0.1.1.tgz",
      "integrity": "sha1-OeipjQRNFQZgq+SmgIrPcLt7yZE=",
      "bin": {
        "strip-ansi": "cli.js"
      },
      "engines": {
        "node": ">=0.8.0"
      }
    },
    "node_modules/through": {
      "version": "2.3.8",
      "resolved": "https://registry.npmjs.org/through/-/through-2.3.8.tgz",
      "integrity": "sha1-DdTJ/6q8NXlgsbckEV1+Doai4fU="
    },
    "node_modules/tough-cookie": {
      "version": "2.3.2",
      "resolved": "https://registry.npmjs.org/tough-cookie/-/tough-cookie-2.3.2.tgz",
      "integrity": "sha1-8IH3bkyFcg5sN6X6ztc3FQ2EByo=",
      "optional": true,
      "dependencies": {
        "punycode": "^1.4.1"
      },
      "engines": {
        "node": ">=0.8"
      }
    },
    "node_modules/tsd": {
      "version": "0.5.7",
      "resolved": "https://registry.npmjs.org/tsd/-/tsd-0.5.7.tgz",
      "integrity": "sha1-Ukv7Q3tUFGe1y2ER9AdEp1OAQtE=",
      "deprecated": "TSD is deprecated in favor of Typings (https://github.com/typings/typings) - see https://github.com/DefinitelyTyped/tsd/issues/269 for more information",
      "dependencies": {
        "assertion-error": "1.0.0",
        "bufferstream": "~0.6.2",
        "detect-indent": "~0.1.3",
        "es6-shim": "0.9.1",
        "event-stream": "~3.1.0",
        "exit": "~0.1.1",
        "js-yaml": "~3.0.1",
        "jsesc": "~0.4.3",
        "json-pointer": "~0.1.0",
        "minimist": "0.0.7",
        "ministyle": "~0.1.3",
        "minitable": "~0.0.2",
        "miniwrite": "~0.1.3",
        "mkdirp": "~0.3.5",
        "open": "~0.0.4",
        "q": "~0.9.7",
        "q-io": "~1.9.4",
        "request": "~2.33.0",
        "semver": "~2.2.1",
        "tv4": "~1.0.14",
        "tv4-reporter": "~0.0.4",
        "universal-analytics": "~0.3.2",
        "update-notifier": "git://github.com/Bartvds/update-notifier/#fix/fork",
        "uri-templates": "0.1.2",
        "uuid": "~1.4.1",
        "weak-map": "~1.0.3"
      },
      "bin": {
        "tsd": "build/cli.js"
      },
      "engines": {
        "node": ">= 0.10.0 < 0.11.0"
      }
    },
    "node_modules/tunnel-agent": {
      "version": "0.3.0",
      "resolved": "https://registry.npmjs.org/tunnel-agent/-/tunnel-agent-0.3.0.tgz",
      "integrity": "sha1-rWgbaPUyGtKCfEz7G31d8s/pQu4=",
      "engines": {
        "node": "*"
      }
    },
    "node_modules/tv4": {
      "version": "1.0.18",
      "resolved": "https://registry.npmjs.org/tv4/-/tv4-1.0.18.tgz",
      "integrity": "sha1-c5d2nwA1jjO/Uo3FyHZMYbbegkU=",
      "engines": {
        "node": ">= 0.8.0"
      }
    },
    "node_modules/tv4-reporter": {
      "version": "0.0.4",
      "resolved": "https://registry.npmjs.org/tv4-reporter/-/tv4-reporter-0.0.4.tgz",
      "integrity": "sha1-a0Mg8zfY7Jwpx8z7chpd3ler8N0=",
      "dependencies": {
        "jsonpointer.js": "0.3.0",
        "ministyle": "~0.1.0",
        "miniwrite": "~0.1.0"
      },
      "engines": {
        "node": ">= 0.8.0"
      }
    },
    "node_modules/typescript": {
      "version": "1.4.1",
      "resolved": "https://registry.npmjs.org/typescript/-/typescript-1.4.1.tgz",
      "integrity": "sha1-602phtG38BRS6vtXVZ4MyPUWzUg=",
      "dev": true,
      "bin": {
        "tsc": "bin/tsc"
      },
      "engines": {
        "node": ">=0.8.0"
      }
    },
    "node_modules/underscore": {
      "version": "1.7.0",
      "resolved": "https://registry.npmjs.org/underscore/-/underscore-1.7.0.tgz",
      "integrity": "sha1-a7rwh3UA02vjTsqlhODbn+8DUgk="
    },
    "node_modules/underscore.string": {
      "version": "2.4.0",
      "resolved": "https://registry.npmjs.org/underscore.string/-/underscore.string-2.4.0.tgz",
      "integrity": "sha1-jN2PusTi0uoefi6Al8QvRCKA+Fs=",
      "engines": {
        "node": "*"
      }
    },
    "node_modules/universal-analytics": {
      "version": "0.3.11",
      "resolved": "https://registry.npmjs.org/universal-analytics/-/universal-analytics-0.3.11.tgz",
      "integrity": "sha1-USh5GToSpm3L2RhRITibq5E81LY=",
      "dependencies": {
        "async": "0.2.x",
        "node-uuid": "1.x",
        "request": "2.x",
        "underscore": "1.x"
      }
    },
    "node_modules/universal-analytics/node_modules/async": {
      "version": "0.2.10",
      "resolved": "https://registry.npmjs.org/async/-/async-0.2.10.tgz",
      "integrity": "sha1-trvgsGdLnXGXCMo43owjfLUmw9E="
    },
    "node_modules/update-notifier": {
      "version": "0.1.7",
      "resolved": "git+ssh://git@github.com/Bartvds/update-notifier.git#0706121db6a6b6c47faeec87b18090cc9a10b6a7",
      "integrity": "sha512-bwm6BKnfJwZY2DeCKPAyBAFSrSPw14QL8pnbJXRLRFMwFwemevLwr1ubjJ0rxg9D6T2m1ssfC2ZoM84FX/is8g==",
      "dependencies": {
        "chalk": "~0.4.0",
        "configstore": "~0.1.0",
        "request": "~2.27.0",
        "semver": "~2.1.0"
      },
      "engines": {
        "node": ">=0.10.0"
      }
    },
    "node_modules/update-notifier/node_modules/qs": {
      "version": "0.6.6",
      "resolved": "https://registry.npmjs.org/qs/-/qs-0.6.6.tgz",
      "integrity": "sha1-bgFQmP9RlouKPIGQAdXyyJvEsQc=",
      "engines": {
        "node": "*"
      }
    },
    "node_modules/update-notifier/node_modules/request": {
      "version": "2.27.0",
      "resolved": "https://registry.npmjs.org/request/-/request-2.27.0.tgz",
      "integrity": "sha1-37GiJN06Wput5DNwElA9cQ5Thmg=",
      "deprecated": "request has been deprecated, see https://github.com/request/request/issues/3142",
      "engines": [
        "node >= 0.8.0"
      ],
      "dependencies": {
        "aws-sign": "~0.3.0",
        "cookie-jar": "~0.3.0",
        "forever-agent": "~0.5.0",
        "form-data": "~0.1.0",
        "hawk": "~1.0.0",
        "http-signature": "~0.10.0",
        "json-stringify-safe": "~5.0.0",
        "mime": "~1.2.9",
        "node-uuid": "~1.4.0",
        "oauth-sign": "~0.3.0",
        "qs": "~0.6.0",
        "tunnel-agent": "~0.3.0"
      }
    },
    "node_modules/update-notifier/node_modules/semver": {
      "version": "2.1.0",
      "resolved": "https://registry.npmjs.org/semver/-/semver-2.1.0.tgz",
      "integrity": "sha1-NWKUqQaQtph3TWLPNdfJH5g+coo=",
      "bin": {
        "semver": "bin/semver"
      }
    },
    "node_modules/uri-templates": {
      "version": "0.1.2",
      "resolved": "https://registry.npmjs.org/uri-templates/-/uri-templates-0.1.2.tgz",
      "integrity": "sha1-f3LsPt1H3g6f2Ogxx9eAAhozm5I="
    },
    "node_modules/url2": {
      "version": "0.0.0",
      "resolved": "https://registry.npmjs.org/url2/-/url2-0.0.0.tgz",
      "integrity": "sha1-Tqq9HVw6yQ1iq0SFyZhCKGWgSxo="
    },
    "node_modules/utilities": {
      "version": "1.0.6",
      "resolved": "https://registry.npmjs.org/utilities/-/utilities-1.0.6.tgz",
      "integrity": "sha512-OYHwdtji3y636osVdsuLdXT4swOAAEwgznGZey9cgGtQma31eLsZ9NzEarQARcIQAv81EBZrCIKn6nIDmv9cZw==",
      "deprecated": "This package is no longer maintained and vulnerability exists.",
      "dev": true,
      "engines": {
        "node": "*"
      }
    },
    "node_modules/uuid": {
      "version": "1.4.2",
      "resolved": "https://registry.npmjs.org/uuid/-/uuid-1.4.2.tgz",
      "integrity": "sha1-RTAZ9oaWam34PNxSROfJkOzDMvw=",
      "deprecated": "Please upgrade to version 7 or higher.  Older versions may use Math.random() in certain circumstances, which is known to be problematic.  See https://v8.dev/blog/math-random for details."
    },
    "node_modules/weak-map": {
      "version": "1.0.5",
      "resolved": "https://registry.npmjs.org/weak-map/-/weak-map-1.0.5.tgz",
      "integrity": "sha1-eWkVhNmGB/UHC9O3CkDmuyLkAes="
    }
  }
}
